
Microsoft Visual Studio Solution File, Format Version 12.00
# Visual Studio Version 16
VisualStudioVersion = 16.0.31729.503
MinimumVisualStudioVersion = 10.0.40219.1
Project("{FAE04EC0-301F-11D3-BF4B-00C04F79EFBC}") = "CryptoLibrary", "CryptoLibrary\CryptoLibrary.csproj", "{76D97449-93E6-467F-AD92-BD18463DE44C}"
EndProject
Project("{FAE04EC0-301F-11D3-BF4B-00C04F79EFBC}") = "CryptoConsole", "CryptoConsole\CryptoConsole.csproj", "{95E24D28-2BE6-43C1-959D-C41CAAE2622A}"
EndProject
Project("{FAE04EC0-301F-11D3-BF4B-00C04F79EFBC}") = "Server", "Server\Server.csproj", "{CF6D956C-3133-4AEC-897D-010685CC7F90}"
EndProject
Project("{FAE04EC0-301F-11D3-BF4B-00C04F79EFBC}") = "Client", "Client\Client.csproj", "{786290C2-AF9C-48BB-9AE9-FE4123050AFC}"
EndProject
Project("{FAE04EC0-301F-11D3-BF4B-00C04F79EFBC}") = "ClientUI", "ClientUI\ClientUI.csproj", "{C1C05052-5FFB-44A9-9DB4-0DF9314B4F19}"
EndProject
Global
	GlobalSection(SolutionConfigurationPlatforms) = preSolution
		Debug|Any CPU = Debug|Any CPU
		Release|Any CPU = Release|Any CPU
	EndGlobalSection
	GlobalSection(ProjectConfigurationPlatforms) = postSolution
		{76D97449-93E6-467F-AD92-BD18463DE44C}.Debug|Any CPU.ActiveCfg = Debug|Any CPU
		{76D97449-93E6-467F-AD92-BD18463DE44C}.Debug|Any CPU.Build.0 = Debug|Any CPU
		{76D97449-93E6-467F-AD92-BD18463DE44C}.Release|Any CPU.ActiveCfg = Release|Any CPU
		{76D97449-93E6-467F-AD92-BD18463DE44C}.Release|Any CPU.Build.0 = Release|Any CPU
		{95E24D28-2BE6-43C1-959D-C41CAAE2622A}.Debug|Any CPU.ActiveCfg = Debug|Any CPU
		{95E24D28-2BE6-43C1-959D-C41CAAE2622A}.Debug|Any CPU.Build.0 = Debug|Any CPU
		{95E24D28-2BE6-43C1-959D-C41CAAE2622A}.Release|Any CPU.ActiveCfg = Release|Any CPU
		{95E24D28-2BE6-43C1-959D-C41CAAE2622A}.Release|Any CPU.Build.0 = Release|Any CPU
		{CF6D956C-3133-4AEC-897D-010685CC7F90}.Debug|Any CPU.ActiveCfg = Debug|Any CPU
		{CF6D956C-3133-4AEC-897D-010685CC7F90}.Debug|Any CPU.Build.0 = Debug|Any CPU
		{CF6D956C-3133-4AEC-897D-010685CC7F90}.Release|Any CPU.ActiveCfg = Release|Any CPU
		{CF6D956C-3133-4AEC-897D-010685CC7F90}.Release|Any CPU.Build.0 = Release|Any CPU
		{786290C2-AF9C-48BB-9AE9-FE4123050AFC}.Debug|Any CPU.ActiveCfg = Debug|Any CPU
		{786290C2-AF9C-48BB-9AE9-FE4123050AFC}.Debug|Any CPU.Build.0 = Debug|Any CPU
		{786290C2-AF9C-48BB-9AE9-FE4123050AFC}.Release|Any CPU.ActiveCfg = Release|Any CPU
		{786290C2-AF9C-48BB-9AE9-FE4123050AFC}.Release|Any CPU.Build.0 = Release|Any CPU
		{C1C05052-5FFB-44A9-9DB4-0DF9314B4F19}.Debug|Any CPU.ActiveCfg = Debug|Any CPU
		{C1C05052-5FFB-44A9-9DB4-0DF9314B4F19}.Debug|Any CPU.Build.0 = Debug|Any CPU
		{C1C05052-5FFB-44A9-9DB4-0DF9314B4F19}.Release|Any CPU.ActiveCfg = Release|Any CPU
		{C1C05052-5FFB-44A9-9DB4-0DF9314B4F19}.Release|Any CPU.Build.0 = Release|Any CPU
	EndGlobalSection
	GlobalSection(SolutionProperties) = preSolution
		HideSolutionNode = FALSE
	EndGlobalSection
	GlobalSection(ExtensibilityGlobals) = postSolution
		SolutionGuid = {66BFA043-143A-4CCD-A7D7-0E70DA65CEF1}
	EndGlobalSection
EndGlobal
